
Microsoft Visual Studio Solution File, Format Version 12.00
# Visual Studio Version 17
VisualStudioVersion = 17.1.32210.238
MinimumVisualStudioVersion = 10.0.40219.1
Project("{FAE04EC0-301F-11D3-BF4B-00C04F79EFBC}") = "swi126-Homework2", "swi126-Homework2.csproj", "{549F8F17-6864-447E-9AA2-357BF03EF3EC}"
EndProject
Global
	GlobalSection(SolutionConfigurationPlatforms) = preSolution
		Debug|Any CPU = Debug|Any CPU
		Release|Any CPU = Release|Any CPU
	EndGlobalSection
	GlobalSection(ProjectConfigurationPlatforms) = postSolution
		{549F8F17-6864-447E-9AA2-357BF03EF3EC}.Debug|Any CPU.ActiveCfg = Debug|Any CPU
		{549F8F17-6864-447E-9AA2-357BF03EF3EC}.Debug|Any CPU.Build.0 = Debug|Any CPU
		{549F8F17-6864-447E-9AA2-357BF03EF3EC}.Release|Any CPU.ActiveCfg = Release|Any CPU
		{549F8F17-6864-447E-9AA2-357BF03EF3EC}.Release|Any CPU.Build.0 = Release|Any CPU
	EndGlobalSection
	GlobalSection(SolutionProperties) = preSolution
		HideSolutionNode = FALSE
	EndGlobalSection
	GlobalSection(ExtensibilityGlobals) = postSolution
		SolutionGuid = {752CFF27-5280-4049-BDB7-363ED2AB5437}
	EndGlobalSection
EndGlobal
